Microsoft Visual Studio Solution File, Format Version 12.00
# Visual Studio Version 16
VisualStudioVersion = 16.0.29424.173
MinimumVisualStudioVersion = 10.0.40219.1
Project("{FAE04EC0-301F-11D3-BF4B-00C04F79EFBC}") = "Emu6502", "Emu6502\Emu6502.csproj", "{71237A0D-5B4D-4AFF-954F-429F32E5444D}"
EndProject
Project("{FAE04EC0-301F-11D3-BF4B-00C04F79EFBC}") = "lib6502", "lib6502\lib6502.csproj", "{006DB12C-4F58-4849-AAB6-03DC8DD99D96}"
EndProject
Project("{FAE04EC0-301F-11D3-BF4B-00C04F79EFBC}") = "asm6502", "asm6502\asm6502.csproj", "{0DACD225-C907-4220-8200-3665003B2981}"
EndProject
Project("{FAE04EC0-301F-11D3-BF4B-00C04F79EFBC}") = "Apple1_CharROM_Display", "Apple1_CharROM_Display\Apple1_CharROM_Display.csproj", "{DE92D4AC-7522-4C39-8C4E-87C7A4D7B361}"
EndProject
Project("{FAE04EC0-301F-11D3-BF4B-00C04F79EFBC}") = "asm6502v2", "asm6502v2\asm6502v2.csproj", "{C0A67B7B-100C-4AE7-9975-60207070BD9F}"
EndProject
Project("{FAE04EC0-301F-11D3-BF4B-00C04F79EFBC}") = "lib6502Tests", "lib6502Tests\lib6502Tests.csproj", "{81C8C9C3-8ED3-4677-B9A8-6F58AAA64166}"
EndProject
Project("{FAE04EC0-301F-11D3-BF4B-00C04F79EFBC}") = "Apple2", "Apple2\Apple2.csproj", "{4AD609A0-0A29-47C8-9758-6F0B784D1EF4}"
EndProject
Global
	GlobalSection(SolutionConfigurationPlatforms) = preSolution
		Debug|Any CPU = Debug|Any CPU
		Release|Any CPU = Release|Any CPU
		Debug with exec.log|Any CPU = Debug with exec.log|Any CPU
	EndGlobalSection
	GlobalSection(ProjectConfigurationPlatforms) = postSolution
		{71237A0D-5B4D-4AFF-954F-429F32E5444D}.Debug|Any CPU.ActiveCfg = Debug|Any CPU
		{71237A0D-5B4D-4AFF-954F-429F32E5444D}.Debug|Any CPU.Build.0 = Debug|Any CPU
		{71237A0D-5B4D-4AFF-954F-429F32E5444D}.Release|Any CPU.ActiveCfg = Release|Any CPU
		{71237A0D-5B4D-4AFF-954F-429F32E5444D}.Release|Any CPU.Build.0 = Release|Any CPU
		{71237A0D-5B4D-4AFF-954F-429F32E5444D}.Debug with exec.log|Any CPU.ActiveCfg = Debug with exec.log|Any CPU
		{71237A0D-5B4D-4AFF-954F-429F32E5444D}.Debug with exec.log|Any CPU.Build.0 = Debug with exec.log|Any CPU
		{006DB12C-4F58-4849-AAB6-03DC8DD99D96}.Debug|Any CPU.ActiveCfg = Debug|Any CPU
		{006DB12C-4F58-4849-AAB6-03DC8DD99D96}.Debug|Any CPU.Build.0 = Debug|Any CPU
		{006DB12C-4F58-4849-AAB6-03DC8DD99D96}.Release|Any CPU.ActiveCfg = Release|Any CPU
		{006DB12C-4F58-4849-AAB6-03DC8DD99D96}.Release|Any CPU.Build.0 = Release|Any CPU
		{006DB12C-4F58-4849-AAB6-03DC8DD99D96}.Debug with exec.log|Any CPU.ActiveCfg = Debug with exec.log|Any CPU
		{006DB12C-4F58-4849-AAB6-03DC8DD99D96}.Debug with exec.log|Any CPU.Build.0 = Debug with exec.log|Any CPU
		{0DACD225-C907-4220-8200-3665003B2981}.Debug|Any CPU.ActiveCfg = Debug|Any CPU
		{0DACD225-C907-4220-8200-3665003B2981}.Debug|Any CPU.Build.0 = Debug|Any CPU
		{0DACD225-C907-4220-8200-3665003B2981}.Release|Any CPU.ActiveCfg = Release|Any CPU
		{0DACD225-C907-4220-8200-3665003B2981}.Release|Any CPU.Build.0 = Release|Any CPU
		{0DACD225-C907-4220-8200-3665003B2981}.Debug with exec.log|Any CPU.ActiveCfg = Debug with exec.log|Any CPU
		{0DACD225-C907-4220-8200-3665003B2981}.Debug with exec.log|Any CPU.Build.0 = Debug with exec.log|Any CPU
		{DE92D4AC-7522-4C39-8C4E-87C7A4D7B361}.Debug|Any CPU.ActiveCfg = Debug|Any CPU
		{DE92D4AC-7522-4C39-8C4E-87C7A4D7B361}.Debug|Any CPU.Build.0 = Debug|Any CPU
		{DE92D4AC-7522-4C39-8C4E-87C7A4D7B361}.Release|Any CPU.ActiveCfg = Release|Any CPU
		{DE92D4AC-7522-4C39-8C4E-87C7A4D7B361}.Release|Any CPU.Build.0 = Release|Any CPU
		{DE92D4AC-7522-4C39-8C4E-87C7A4D7B361}.Debug with exec.log|Any CPU.ActiveCfg = Debug with exec.log|Any CPU
		{DE92D4AC-7522-4C39-8C4E-87C7A4D7B361}.Debug with exec.log|Any CPU.Build.0 = Debug with exec.log|Any CPU
		{C0A67B7B-100C-4AE7-9975-60207070BD9F}.Debug|Any CPU.ActiveCfg = Debug|Any CPU
		{C0A67B7B-100C-4AE7-9975-60207070BD9F}.Debug|Any CPU.Build.0 = Debug|Any CPU
		{C0A67B7B-100C-4AE7-9975-60207070BD9F}.Release|Any CPU.ActiveCfg = Release|Any CPU
		{C0A67B7B-100C-4AE7-9975-60207070BD9F}.Release|Any CPU.Build.0 = Release|Any CPU
		{C0A67B7B-100C-4AE7-9975-60207070BD9F}.Debug with exec.log|Any CPU.ActiveCfg = Debug with exec.log|Any CPU
		{C0A67B7B-100C-4AE7-9975-60207070BD9F}.Debug with exec.log|Any CPU.Build.0 = Debug with exec.log|Any CPU
		{81C8C9C3-8ED3-4677-B9A8-6F58AAA64166}.Debug|Any CPU.ActiveCfg = Debug|Any CPU
		{81C8C9C3-8ED3-4677-B9A8-6F58AAA64166}.Debug|Any CPU.Build.0 = Debug|Any CPU
		{81C8C9C3-8ED3-4677-B9A8-6F58AAA64166}.Release|Any CPU.ActiveCfg = Release|Any CPU
		{81C8C9C3-8ED3-4677-B9A8-6F58AAA64166}.Release|Any CPU.Build.0 = Release|Any CPU
		{81C8C9C3-8ED3-4677-B9A8-6F58AAA64166}.Debug with exec.log|Any CPU.ActiveCfg = Debug with exec.log|Any CPU
		{81C8C9C3-8ED3-4677-B9A8-6F58AAA64166}.Debug with exec.log|Any CPU.Build.0 = Debug with exec.log|Any CPU
		{4AD609A0-0A29-47C8-9758-6F0B784D1EF4}.Debug|Any CPU.ActiveCfg = Debug|Any CPU
		{4AD609A0-0A29-47C8-9758-6F0B784D1EF4}.Debug|Any CPU.Build.0 = Debug|Any CPU
		{4AD609A0-0A29-47C8-9758-6F0B784D1EF4}.Release|Any CPU.ActiveCfg = Release|Any CPU
		{4AD609A0-0A29-47C8-9758-6F0B784D1EF4}.Release|Any CPU.Build.0 = Release|Any CPU
		{4AD609A0-0A29-47C8-9758-6F0B784D1EF4}.Debug with exec.log|Any CPU.ActiveCfg = Debug with exec.log|Any CPU
		{4AD609A0-0A29-47C8-9758-6F0B784D1EF4}.Debug with exec.log|Any CPU.Build.0 = Debug with exec.log|Any CPU
	EndGlobalSection
	GlobalSection(SolutionProperties) = preSolution
		HideSolutionNode = FALSE
	EndGlobalSection
	GlobalSection(ExtensibilityGlobals) = postSolution
		SolutionGuid = {63631318-30C6-441C-A2F0-6B2A7D2E3899}
	EndGlobalSection
EndGlobal
